{
  "name": "chatset",
  "version": "1.0.0",
  "lockfileVersion": 2,
  "requires": true,
  "packages": {
    "": {
      "name": "chatset",
      "version": "1.0.0",
      "license": "ISC",
      "dependencies": {
        "jsql": "github:DenDen747/jsql"
      }
    },
    "node_modules/jsql": {
      "version": "1.4.2",
      "resolved": "git+ssh://git@github.com/DenDen747/jsql.git#cfa5e0e90c49a91a0b06c071b3847e8d1190811f",
      "license": "ISC"
    }
  },
  "dependencies": {
    "jsql": {
      "version": "git+ssh://git@github.com/DenDen747/jsql.git#cfa5e0e90c49a91a0b06c071b3847e8d1190811f",
      "from": "jsql@DenDen747/jsql"
    }
  }
}
